// !$*UTF8*$!
{
	archiveVersion = 1;
	classes = {
	};
	objectVersion = 55;
	objects = {

/* Begin PBXBuildFile section */
		FC06F8E728C5457800671400 /* _DroomTestApp.swift in Sources */ = {isa = PBXBuildFile; fileRef = FC06F8E628C5457800671400 /* _DroomTestApp.swift */; };
		FC06F8E928C5457800671400 /* ContentView.swift in Sources */ = {isa = PBXBuildFile; fileRef = FC06F8E828C5457800671400 /* ContentView.swift */; };
		FC06F8EB28C5457900671400 /* Assets.xcassets in Resources */ = {isa = PBXBuildFile; fileRef = FC06F8EA28C5457900671400 /* Assets.xcassets */; };
		FC06F8EE28C5457900671400 /* Preview Assets.xcassets in Resources */ = {isa = PBXBuildFile; fileRef = FC06F8ED28C5457900671400 /* Preview Assets.xcassets */; };
		FC06F8F828C5457900671400 /* _DroomTestTests.swift in Sources */ = {isa = PBXBuildFile; fileRef = FC06F8F728C5457900671400 /* _DroomTestTests.swift */; };
		FC06F90228C5457900671400 /* _DroomTestUITests.swift in Sources */ = {isa = PBXBuildFile; fileRef = FC06F90128C5457900671400 /* _DroomTestUITests.swift */; };
		FC06F90428C5457900671400 /* _DroomTestUITestsLaunchTests.swift in Sources */ = {isa = PBXBuildFile; fileRef = FC06F90328C5457900671400 /* _DroomTestUITestsLaunchTests.swift */; };
		FC06F91128C545FF00671400 /* HitTestView.swift in Sources */ = {isa = PBXBuildFile; fileRef = FC06F91028C545FF00671400 /* HitTestView.swift */; };
		FC06F91328C5462700671400 /* ViewModel.swift in Sources */ = {isa = PBXBuildFile; fileRef = FC06F91228C5462700671400 /* ViewModel.swift */; };
		FC06F91728C546C300671400 /* MainScene.scn in Resources */ = {isa = PBXBuildFile; fileRef = FC06F91628C546C300671400 /* MainScene.scn */; };
/* End PBXBuildFile section */

/* Begin PBXContainerItemProxy section */
		FC06F8F428C5457900671400 /* PBXContainerItemProxy */ = {
			isa = PBXContainerItemProxy;
			containerPortal = FC06F8DB28C5457800671400 /* Project object */;
			proxyType = 1;
			remoteGlobalIDString = FC06F8E228C5457800671400;
			remoteInfo = 3DroomTest;
		};
		FC06F8FE28C5457900671400 /* PBXContainerItemProxy */ = {
			isa = PBXContainerItemProxy;
			containerPortal = FC06F8DB28C5457800671400 /* Project object */;
			proxyType = 1;
			remoteGlobalIDString = FC06F8E228C5457800671400;
			remoteInfo = 3DroomTest;
		};
/* End PBXContainerItemProxy section */

/* Begin PBXFileReference section */
		FC06F8E328C5457800671400 /* 3DroomTest.app */ = {isa = PBXFileReference; explicitFileType = wrapper.application; includeInIndex = 0; path = 3DroomTest.app; sourceTree = BUILT_PRODUCTS_DIR; };
		FC06F8E628C5457800671400 /* _DroomTestApp.swift */ = {isa = PBXFileReference; lastKnownFileType = sourcecode.swift; path = _DroomTestApp.swift; sourceTree = "<group>"; };
		FC06F8E828C5457800671400 /* ContentView.swift */ = {isa = PBXFileReference; lastKnownFileType = sourcecode.swift; path = ContentView.swift; sourceTree = "<group>"; };
		FC06F8EA28C5457900671400 /* Assets.xcassets */ = {isa = PBXFileReference; lastKnownFileType = folder.assetcatalog; path = Assets.xcassets; sourceTree = "<group>"; };
		FC06F8ED28C5457900671400 /* Preview Assets.xcassets */ = {isa = PBXFileReference; lastKnownFileType = folder.assetcatalog; path = "Preview Assets.xcassets"; sourceTree = "<group>"; };
		FC06F8F328C5457900671400 /* 3DroomTestTests.xctest */ = {isa = PBXFileReference; explicitFileType = wrapper.cfbundle; includeInIndex = 0; path = 3DroomTestTests.xctest; sourceTree = BUILT_PRODUCTS_DIR; };
		FC06F8F728C5457900671400 /* _DroomTestTests.swift */ = {isa = PBXFileReference; lastKnownFileType = sourcecode.swift; path = _DroomTestTests.swift; sourceTree = "<group>"; };
		FC06F8FD28C5457900671400 /* 3DroomTestUITests.xctest */ = {isa = PBXFileReference; explicitFileType = wrapper.cfbundle; includeInIndex = 0; path = 3DroomTestUITests.xctest; sourceTree = BUILT_PRODUCTS_DIR; };
		FC06F90128C5457900671400 /* _DroomTestUITests.swift */ = {isa = PBXFileReference; lastKnownFileType = sourcecode.swift; path = _DroomTestUITests.swift; sourceTree = "<group>"; };
		FC06F90328C5457900671400 /* _DroomTestUITestsLaunchTests.swift */ = {isa = PBXFileReference; lastKnownFileType = sourcecode.swift; path = _DroomTestUITestsLaunchTests.swift; sourceTree = "<group>"; };
		FC06F91028C545FF00671400 /* HitTestView.swift */ = {isa = PBXFileReference; lastKnownFileType = sourcecode.swift; path = HitTestView.swift; sourceTree = "<group>"; };
		FC06F91228C5462700671400 /* ViewModel.swift */ = {isa = PBXFileReference; lastKnownFileType = sourcecode.swift; path = ViewModel.swift; sourceTree = "<group>"; };
		FC06F91628C546C300671400 /* MainScene.scn */ = {isa = PBXFileReference; lastKnownFileType = file.bplist; path = MainScene.scn; sourceTree = "<group>"; };
/* End PBXFileReference section */

/* Begin PBXFrameworksBuildPhase section */
		FC06F8E028C5457800671400 /* Frameworks */ = {
			isa = PBXFrameworksBuildPhase;
			buildActionMask = 2147483647;
			files = (
			);
			runOnlyForDeploymentPostprocessing = 0;
		};
		FC06F8F028C5457900671400 /* Frameworks */ = {
			isa = PBXFrameworksBuildPhase;
			buildActionMask = 2147483647;
			files = (
			);
			runOnlyForDeploymentPostprocessing = 0;
		};
		FC06F8FA28C5457900671400 /* Frameworks */ = {
			isa = PBXFrameworksBuildPhase;
			buildActionMask = 2147483647;
			files = (
			);
			runOnlyForDeploymentPostprocessing = 0;
		};
/* End PBXFrameworksBuildPhase section */

/* Begin PBXGroup section */
		FC06F8DA28C5457800671400 = {
			isa = PBXGroup;
			children = (
				FC06F8E528C5457800671400 /* 3DroomTest */,
				FC06F8F628C5457900671400 /* 3DroomTestTests */,
				FC06F90028C5457900671400 /* 3DroomTestUITests */,
				FC06F8E428C5457800671400 /* Products */,
			);
			sourceTree = "<group>";
		};
		FC06F8E428C5457800671400 /* Products */ = {
			isa = PBXGroup;
			children = (
				FC06F8E328C5457800671400 /* 3DroomTest.app */,
				FC06F8F328C5457900671400 /* 3DroomTestTests.xctest */,
				FC06F8FD28C5457900671400 /* 3DroomTestUITests.xctest */,
			);
			name = Products;
			sourceTree = "<group>";
		};
		FC06F8E528C5457800671400 /* 3DroomTest */ = {
			isa = PBXGroup;
			children = (
				FC06F91628C546C300671400 /* MainScene.scn */,
				FC06F91228C5462700671400 /* ViewModel.swift */,
				FC06F91028C545FF00671400 /* HitTestView.swift */,
				FC06F8E828C5457800671400 /* ContentView.swift */,
				FC06F8E628C5457800671400 /* _DroomTestApp.swift */,
				FC06F8EA28C5457900671400 /* Assets.xcassets */,
				FC06F8EC28C5457900671400 /* Preview Content */,
			);
			path = 3DroomTest;
			sourceTree = "<group>";
		};
		FC06F8EC28C5457900671400 /* Preview Content */ = {
			isa = PBXGroup;
			children = (
				FC06F8ED28C5457900671400 /* Preview Assets.xcassets */,
			);
			path = "Preview Content";
			sourceTree = "<group>";
		};
		FC06F8F628C5457900671400 /* 3DroomTestTests */ = {
			isa = PBXGroup;
			children = (
				FC06F8F728C5457900671400 /* _DroomTestTests.swift */,
			);
			path = 3DroomTestTests;
			sourceTree = "<group>";
		};
		FC06F90028C5457900671400 /* 3DroomTestUITests */ = {
			isa = PBXGroup;
			children = (
				FC06F90128C5457900671400 /* _DroomTestUITests.swift */,
				FC06F90328C5457900671400 /* _DroomTestUITestsLaunchTests.swift */,
			);
			path = 3DroomTestUITests;
			sourceTree = "<group>";
		};
/* End PBXGroup section */

/* Begin PBXNativeTarget section */
		FC06F8E228C5457800671400 /* 3DroomTest */ = {
			isa = PBXNativeTarget;
			buildConfigurationList = FC06F90728C5457900671400 /* Build configuration list for PBXNativeTarget "3DroomTest" */;
			buildPhases = (
				FC06F8DF28C5457800671400 /* Sources */,
				FC06F8E028C5457800671400 /* Frameworks */,
				FC06F8E128C5457800671400 /* Resources */,
			);
			buildRules = (
			);
			dependencies = (
			);
			name = 3DroomTest;
			productName = 3DroomTest;
			productReference = FC06F8E328C5457800671400 /* 3DroomTest.app */;
			productType = "com.apple.product-type.application";
		};
		FC06F8F228C5457900671400 /* 3DroomTestTests */ = {
			isa = PBXNativeTarget;
			buildConfigurationList = FC06F90A28C5457900671400 /* Build configuration list for PBXNativeTarget "3DroomTestTests" */;
			buildPhases = (
				FC06F8EF28C5457900671400 /* Sources */,
				FC06F8F028C5457900671400 /* Frameworks */,
				FC06F8F128C5457900671400 /* Resources */,
			);
			buildRules = (
			);
			dependencies = (
				FC06F8F528C5457900671400 /* PBXTargetDependency */,
			);
			name = 3DroomTestTests;
			productName = 3DroomTestTests;
			productReference = FC06F8F328C5457900671400 /* 3DroomTestTests.xctest */;
			productType = "com.apple.product-type.bundle.unit-test";
		};
		FC06F8FC28C5457900671400 /* 3DroomTestUITests */ = {
			isa = PBXNativeTarget;
			buildConfigurationList = FC06F90D28C5457900671400 /* Build configuration list for PBXNativeTarget "3DroomTestUITests" */;
			buildPhases = (
				FC06F8F928C5457900671400 /* Sources */,
				FC06F8FA28C5457900671400 /* Frameworks */,
				FC06F8FB28C5457900671400 /* Resources */,
			);
			buildRules = (
			);
			dependencies = (
				FC06F8FF28C5457900671400 /* PBXTargetDependency */,
			);
			name = 3DroomTestUITests;
			productName = 3DroomTestUITests;
			productReference = FC06F8FD28C5457900671400 /* 3DroomTestUITests.xctest */;
			productType = "com.apple.product-type.bundle.ui-testing";
		};
/* End PBXNativeTarget section */

/* Begin PBXProject section */
		FC06F8DB28C5457800671400 /* Project object */ = {
			isa = PBXProject;
			attributes = {
				BuildIndependentTargetsInParallel = 1;
				LastSwiftUpdateCheck = 1340;
				LastUpgradeCheck = 1340;
				TargetAttributes = {
					FC06F8E228C5457800671400 = {
						CreatedOnToolsVersion = 13.4.1;
					};
					FC06F8F228C5457900671400 = {
						CreatedOnToolsVersion = 13.4.1;
						TestTargetID = FC06F8E228C5457800671400;
					};
					FC06F8FC28C5457900671400 = {
						CreatedOnToolsVersion = 13.4.1;
						TestTargetID = FC06F8E228C5457800671400;
					};
				};
			};
			buildConfigurationList = FC06F8DE28C5457800671400 /* Build configuration list for PBXProject "3DroomTest" */;
			compatibilityVersion = "Xcode 13.0";
			developmentRegion = en;
			hasScannedForEncodings = 0;
			knownRegions = (
				en,
				Base,
			);
			mainGroup = FC06F8DA28C5457800671400;
			productRefGroup = FC06F8E428C5457800671400 /* Products */;
			projectDirPath = "";
			projectRoot = "";
			targets = (
				FC06F8E228C5457800671400 /* 3DroomTest */,
				FC06F8F228C5457900671400 /* 3DroomTestTests */,
				FC06F8FC28C5457900671400 /* 3DroomTestUITests */,
			);
		};
/* End PBXProject section */

/* Begin PBXResourcesBuildPhase section */
		FC06F8E128C5457800671400 /* Resources */ = {
			isa = PBXResourcesBuildPhase;
			buildActionMask = 2147483647;
			files = (
				FC06F8EE28C5457900671400 /* Preview Assets.xcassets in Resources */,
				FC06F8EB28C5457900671400 /* Assets.xcassets in Resources */,
				FC06F91728C546C300671400 /* MainScene.scn in Resources */,
			);
			runOnlyForDeploymentPostprocessing = 0;
		};
		FC06F8F128C5457900671400 /* Resources */ = {
			isa = PBXResourcesBuildPhase;
			buildActionMask = 2147483647;
			files = (
			);
			runOnlyForDeploymentPostprocessing = 0;
		};
		FC06F8FB28C5457900671400 /* Resources */ = {
			isa = PBXResourcesBuildPhase;
			buildActionMask = 2147483647;
			files = (
			);
			runOnlyForDeploymentPostprocessing = 0;
		};
/* End PBXResourcesBuildPhase section */

/* Begin PBXSourcesBuildPhase section */
		FC06F8DF28C5457800671400 /* Sources */ = {
			isa = PBXSourcesBuildPhase;
			buildActionMask = 2147483647;
			files = (
				FC06F8E928C5457800671400 /* ContentView.swift in Sources */,
				FC06F91128C545FF00671400 /* HitTestView.swift in Sources */,
				FC06F91328C5462700671400 /* ViewModel.swift in Sources */,
				FC06F8E728C5457800671400 /* _DroomTestApp.swift in Sources */,
			);
			runOnlyForDeploymentPostprocessing = 0;
		};
		FC06F8EF28C5457900671400 /* Sources */ = {
			isa = PBXSourcesBuildPhase;
			buildActionMask = 2147483647;
			files = (
				FC06F8F828C5457900671400 /* _DroomTestTests.swift in Sources */,
			);
			runOnlyForDeploymentPostprocessing = 0;
		};
		FC06F8F928C5457900671400 /* Sources */ = {
			isa = PBXSourcesBuildPhase;
			buildActionMask = 2147483647;
			files = (
				FC06F90428C5457900671400 /* _DroomTestUITestsLaunchTests.swift in Sources */,
				FC06F90228C5457900671400 /* _DroomTestUITests.swift in Sources */,
			);
			runOnlyForDeploymentPostprocessing = 0;
		};
/* End PBXSourcesBuildPhase section */

/* Begin PBXTargetDependency section */
		FC06F8F528C5457900671400 /* PBXTargetDependency */ = {
			isa = PBXTargetDependency;
			target = FC06F8E228C5457800671400 /* 3DroomTest */;
			targetProxy = FC06F8F428C5457900671400 /* PBXContainerItemProxy */;
		};
		FC06F8FF28C5457900671400 /* PBXTargetDependency */ = {
			isa = PBXTargetDependency;
			target = FC06F8E228C5457800671400 /* 3DroomTest */;
			targetProxy = FC06F8FE28C5457900671400 /* PBXContainerItemProxy */;
		};
/* End PBXTargetDependency section */

/* Begin XCBuildConfiguration section */
		FC06F90528C5457900671400 /* Debug */ = {
			isa = XCBuildConfiguration;
			buildSettings = {
				ALWAYS_SEARCH_USER_PATHS = NO;
				CLANG_ANALYZER_NONNULL = YES;
				CLANG_ANALYZER_NUMBER_OBJECT_CONVERSION = YES_AGGRESSIVE;
				CLANG_CXX_LANGUAGE_STANDARD = "gnu++17";
				CLANG_ENABLE_MODULES = YES;
				CLANG_ENABLE_OBJC_ARC = YES;
				CLANG_ENABLE_OBJC_WEAK = YES;
				CLANG_WARN_BLOCK_CAPTURE_AUTORELEASING = YES;
				CLANG_WARN_BOOL_CONVERSION = YES;
				CLANG_WARN_COMMA = YES;
				CLANG_WARN_CONSTANT_CONVERSION = YES;
				CLANG_WARN_DEPRECATED_OBJC_IMPLEMENTATIONS = YES;
				CLANG_WARN_DIRECT_OBJC_ISA_USAGE = YES_ERROR;
				CLANG_WARN_DOCUMENTATION_COMMENTS = YES;
				CLANG_WARN_EMPTY_BODY = YES;
				CLANG_WARN_ENUM_CONVERSION = YES;
				CLANG_WARN_INFINITE_RECURSION = YES;
				CLANG_WARN_INT_CONVERSION = YES;
				CLANG_WARN_NON_LITERAL_NULL_CONVERSION = YES;
				CLANG_WARN_OBJC_IMPLICIT_RETAIN_SELF = YES;
				CLANG_WARN_OBJC_LITERAL_CONVERSION = YES;
				CLANG_WARN_OBJC_ROOT_CLASS = YES_ERROR;
				CLANG_WARN_QUOTED_INCLUDE_IN_FRAMEWORK_HEADER = YES;
				CLANG_WARN_RANGE_LOOP_ANALYSIS = YES;
				CLANG_WARN_STRICT_PROTOTYPES = YES;
				CLANG_WARN_SUSPICIOUS_MOVE = YES;
				CLANG_WARN_UNGUARDED_AVAILABILITY = YES_AGGRESSIVE;
				CLANG_WARN_UNREACHABLE_CODE = YES;
				CLANG_WARN__DUPLICATE_METHOD_MATCH = YES;
				COPY_PHASE_STRIP = NO;
				DEBUG_INFORMATION_FORMAT = dwarf;
				ENABLE_STRICT_OBJC_MSGSEND = YES;
				ENABLE_TESTABILITY = YES;
				GCC_C_LANGUAGE_STANDARD = gnu11;
				GCC_DYNAMIC_NO_PIC = NO;
				GCC_NO_COMMON_BLOCKS = YES;
				GCC_OPTIMIZATION_LEVEL = 0;
				GCC_PREPROCESSOR_DEFINITIONS = (
					"DEBUG=1",
					"$(inherited)",
				);
				GCC_WARN_64_TO_32_BIT_CONVERSION = YES;
				GCC_WARN_ABOUT_RETURN_TYPE = YES_ERROR;
				GCC_WARN_UNDECLARED_SELECTOR = YES;
				GCC_WARN_UNINITIALIZED_AUTOS = YES_AGGRESSIVE;
				GCC_WARN_UNUSED_FUNCTION = YES;
				GCC_WARN_UNUSED_VARIABLE = YES;
				IPHONEOS_DEPLOYMENT_TARGET = 15.5;
				MTL_ENABLE_DEBUG_INFO = INCLUDE_SOURCE;
				MTL_FAST_MATH = YES;
				ONLY_ACTIVE_ARCH = YES;
				SDKROOT = iphoneos;
				SWIFT_ACTIVE_COMPILATION_CONDITIONS = DEBUG;
				SWIFT_OPTIMIZATION_LEVEL = "-Onone";
			};
			name = Debug;
		};
		FC06F90628C5457900671400 /* Release */ = {
			isa = XCBuildConfiguration;
			buildSettings = {
				ALWAYS_SEARCH_USER_PATHS = NO;
				CLANG_ANALYZER_NONNULL = YES;
				CLANG_ANALYZER_NUMBER_OBJECT_CONVERSION = YES_AGGRESSIVE;
				CLANG_CXX_LANGUAGE_STANDARD = "gnu++17";
				CLANG_ENABLE_MODULES = YES;
				CLANG_ENABLE_OBJC_ARC = YES;
				CLANG_ENABLE_OBJC_WEAK = YES;
				CLANG_WARN_BLOCK_CAPTURE_AUTORELEASING = YES;
				CLANG_WARN_BOOL_CONVERSION = YES;
				CLANG_WARN_COMMA = YES;
				CLANG_WARN_CONSTANT_CONVERSION = YES;
				CLANG_WARN_DEPRECATED_OBJC_IMPLEMENTATIONS = YES;
				CLANG_WARN_DIRECT_OBJC_ISA_USAGE = YES_ERROR;
				CLANG_WARN_DOCUMENTATION_COMMENTS = YES;
				CLANG_WARN_EMPTY_BODY = YES;
				CLANG_WARN_ENUM_CONVERSION = YES;
				CLANG_WARN_INFINITE_RECURSION = YES;
				CLANG_WARN_INT_CONVERSION = YES;
				CLANG_WARN_NON_LITERAL_NULL_CONVERSION = YES;
				CLANG_WARN_OBJC_IMPLICIT_RETAIN_SELF = YES;
				CLANG_WARN_OBJC_LITERAL_CONVERSION = YES;
				CLANG_WARN_OBJC_ROOT_CLASS = YES_ERROR;
				CLANG_WARN_QUOTED_INCLUDE_IN_FRAMEWORK_HEADER = YES;
				CLANG_WARN_RANGE_LOOP_ANALYSIS = YES;
				CLANG_WARN_STRICT_PROTOTYPES = YES;
				CLANG_WARN_SUSPICIOUS_MOVE = YES;
				CLANG_WARN_UNGUARDED_AVAILABILITY = YES_AGGRESSIVE;
				CLANG_WARN_UNREACHABLE_CODE = YES;
				CLANG_WARN__DUPLICATE_METHOD_MATCH = YES;
				COPY_PHASE_STRIP = NO;
				DEBUG_INFORMATION_FORMAT = "dwarf-with-dsym";
				ENABLE_NS_ASSERTIONS = NO;
				ENABLE_STRICT_OBJC_MSGSEND = YES;
				GCC_C_LANGUAGE_STANDARD = gnu11;
				GCC_NO_COMMON_BLOCKS = YES;
				GCC_WARN_64_TO_32_BIT_CONVERSION = YES;
				GCC_WARN_ABOUT_RETURN_TYPE = YES_ERROR;
				GCC_WARN_UNDECLARED_SELECTOR = YES;
				GCC_WARN_UNINITIALIZED_AUTOS = YES_AGGRESSIVE;
				GCC_WARN_UNUSED_FUNCTION = YES;
				GCC_WARN_UNUSED_VARIABLE = YES;
				IPHONEOS_DEPLOYMENT_TARGET = 15.5;
				MTL_ENABLE_DEBUG_INFO = NO;
				MTL_FAST_MATH = YES;
				SDKROOT = iphoneos;
				SWIFT_COMPILATION_MODE = wholemodule;
				SWIFT_OPTIMIZATION_LEVEL = "-O";
				VALIDATE_PRODUCT = YES;
			};
			name = Release;
		};
		FC06F90828C5457900671400 /* Debug */ = {
			isa = XCBuildConfiguration;
			buildSettings = {
				ASSETCATALOG_COMPILER_APPICON_NAME = AppIcon;
				ASSETCATALOG_COMPILER_GLOBAL_ACCENT_COLOR_NAME = AccentColor;
				CODE_SIGN_STYLE = Automatic;
				CURRENT_PROJECT_VERSION = 1;
				DEVELOPMENT_ASSET_PATHS = "\"3DroomTest/Preview Content\"";
				DEVELOPMENT_TEAM = 93778KHQ3Y;
				ENABLE_PREVIEWS = YES;
				GENERATE_INFOPLIST_FILE = YES;
				INFOPLIST_KEY_UIApplicationSceneManifest_Generation = YES;
				INFOPLIST_KEY_UIApplicationSupportsIndirectInputEvents = YES;
				INFOPLIST_KEY_UILaunchScreen_Generation = YES;
				INFOPLIST_KEY_UISupportedInterfaceOrientations_iPad = "UIInterfaceOrientationLandscapeLeft UIInterfaceOrientationLandscapeRight";
				INFOPLIST_KEY_UISupportedInterfaceOrientations_iPhone = "UIInterfaceOrientationLandscapeLeft UIInterfaceOrientationLandscapeRight";
				LD_RUNPATH_SEARCH_PATHS = (
					"$(inherited)",
					"@executable_path/Frameworks",
				);
				MARKETING_VERSION = 1.0;
				PRODUCT_BUNDLE_IDENTIFIER = "Marco-Rapp.3DroomTest";
				PRODUCT_NAME = "$(TARGET_NAME)";
				SWIFT_EMIT_LOC_STRINGS = YES;
				SWIFT_VERSION = 5.0;
				TARGETED_DEVICE_FAMILY = "1,2";
			};
			name = Debug;
		};
		FC06F90928C5457900671400 /* Release */ = {
			isa = XCBuildConfiguration;
			buildSettings = {
				ASSETCATALOG_COMPILER_APPICON_NAME = AppIcon;
				ASSETCATALOG_COMPILER_GLOBAL_ACCENT_COLOR_NAME = AccentColor;
				CODE_SIGN_STYLE = Automatic;
				CURRENT_PROJECT_VERSION = 1;
				DEVELOPMENT_ASSET_PATHS = "\"3DroomTest/Preview Content\"";
				DEVELOPMENT_TEAM = 93778KHQ3Y;
				ENABLE_PREVIEWS = YES;
				GENERATE_INFOPLIST_FILE = YES;
				INFOPLIST_KEY_UIApplicationSceneManifest_Generation = YES;
				INFOPLIST_KEY_UIApplicationSupportsIndirectInputEvents = YES;
				INFOPLIST_KEY_UILaunchScreen_Generation = YES;
				INFOPLIST_KEY_UISupportedInterfaceOrientations_iPad = "UIInterfaceOrientationLandscapeLeft UIInterfaceOrientationLandscapeRight";
				INFOPLIST_KEY_UISupportedInterfaceOrientations_iPhone = "UIInterfaceOrientationLandscapeLeft UIInterfaceOrientationLandscapeRight";
				LD_RUNPATH_SEARCH_PATHS = (
					"$(inherited)",
					"@executable_path/Frameworks",
				);
				MARKETING_VERSION = 1.0;
				PRODUCT_BUNDLE_IDENTIFIER = "Marco-Rapp.3DroomTest";
				PRODUCT_NAME = "$(TARGET_NAME)";
				SWIFT_EMIT_LOC_STRINGS = YES;
				SWIFT_VERSION = 5.0;
				TARGETED_DEVICE_FAMILY = "1,2";
			};
			name = Release;
		};
		FC06F90B28C5457900671400 /* Debug */ = {
			isa = XCBuildConfiguration;
			buildSettings = {
				ALWAYS_EMBED_SWIFT_STANDARD_LIBRARIES = YES;
				BUNDLE_LOADER = "$(TEST_HOST)";
				CODE_SIGN_STYLE = Automatic;
				CURRENT_PROJECT_VERSION = 1;
				DEVELOPMENT_TEAM = 93778KHQ3Y;
				GENERATE_INFOPLIST_FILE = YES;
				IPHONEOS_DEPLOYMENT_TARGET = 15.5;
				MARKETING_VERSION = 1.0;
				PRODUCT_BUNDLE_IDENTIFIER = "Marco-Rapp.-DroomTestTests";
				PRODUCT_NAME = "$(TARGET_NAME)";
				SWIFT_EMIT_LOC_STRINGS = NO;
				SWIFT_VERSION = 5.0;
				TARGETED_DEVICE_FAMILY = "1,2";
				TEST_HOST = "$(BUILT_PRODUCTS_DIR)/3DroomTest.app/3DroomTest";
			};
			name = Debug;
		};
		FC06F90C28C5457900671400 /* Release */ = {
			isa = XCBuildConfiguration;
			buildSettings = {
				ALWAYS_EMBED_SWIFT_STANDARD_LIBRARIES = YES;
				BUNDLE_LOADER = "$(TEST_HOST)";
				CODE_SIGN_STYLE = Automatic;
				CURRENT_PROJECT_VERSION = 1;
				DEVELOPMENT_TEAM = 93778KHQ3Y;
				GENERATE_INFOPLIST_FILE = YES;
				IPHONEOS_DEPLOYMENT_TARGET = 15.5;
				MARKETING_VERSION = 1.0;
				PRODUCT_BUNDLE_IDENTIFIER = "Marco-Rapp.-DroomTestTests";
				PRODUCT_NAME = "$(TARGET_NAME)";
				SWIFT_EMIT_LOC_STRINGS = NO;
				SWIFT_VERSION = 5.0;
				TARGETED_DEVICE_FAMILY = "1,2";
				TEST_HOST = "$(BUILT_PRODUCTS_DIR)/3DroomTest.app/3DroomTest";
			};
			name = Release;
		};
		FC06F90E28C5457900671400 /* Debug */ = {
			isa = XCBuildConfiguration;
			buildSettings = {
				ALWAYS_EMBED_SWIFT_STANDARD_LIBRARIES = YES;
				CODE_SIGN_STYLE = Automatic;
				CURRENT_PROJECT_VERSION = 1;
				DEVELOPMENT_TEAM = 93778KHQ3Y;
				GENERATE_INFOPLIST_FILE = YES;
				MARKETING_VERSION = 1.0;
				PRODUCT_BUNDLE_IDENTIFIER = "Marco-Rapp.-DroomTestUITests";
				PRODUCT_NAME = "$(TARGET_NAME)";
				SWIFT_EMIT_LOC_STRINGS = NO;
				SWIFT_VERSION = 5.0;
				TARGETED_DEVICE_FAMILY = "1,2";
				TEST_TARGET_NAME = 3DroomTest;
			};
			name = Debug;
		};
		FC06F90F28C5457900671400 /* Release */ = {
			isa = XCBuildConfiguration;
			buildSettings = {
				ALWAYS_EMBED_SWIFT_STANDARD_LIBRARIES = YES;
				CODE_SIGN_STYLE = Automatic;
				CURRENT_PROJECT_VERSION = 1;
				DEVELOPMENT_TEAM = 93778KHQ3Y;
				GENERATE_INFOPLIST_FILE = YES;
				MARKETING_VERSION = 1.0;
				PRODUCT_BUNDLE_IDENTIFIER = "Marco-Rapp.-DroomTestUITests";
				PRODUCT_NAME = "$(TARGET_NAME)";
				SWIFT_EMIT_LOC_STRINGS = NO;
				SWIFT_VERSION = 5.0;
				TARGETED_DEVICE_FAMILY = "1,2";
				TEST_TARGET_NAME = 3DroomTest;
			};
			name = Release;
		};
/* End XCBuildConfiguration section */

/* Begin XCConfigurationList section */
		FC06F8DE28C5457800671400 /* Build configuration list for PBXProject "3DroomTest" */ = {
			isa = XCConfigurationList;
			buildConfigurations = (
				FC06F90528C5457900671400 /* Debug */,
				FC06F90628C5457900671400 /* Release */,
			);
			defaultConfigurationIsVisible = 0;
			defaultConfigurationName = Release;
		};
		FC06F90728C5457900671400 /* Build configuration list for PBXNativeTarget "3DroomTest" */ = {
			isa = XCConfigurationList;
			buildConfigurations = (
				FC06F90828C5457900671400 /* Debug */,
				FC06F90928C5457900671400 /* Release */,
			);
			defaultConfigurationIsVisible = 0;
			defaultConfigurationName = Release;
		};
		FC06F90A28C5457900671400 /* Build configuration list for PBXNativeTarget "3DroomTestTests" */ = {
			isa = XCConfigurationList;
			buildConfigurations = (
				FC06F90B28C5457900671400 /* Debug */,
				FC06F90C28C5457900671400 /* Release */,
			);
			defaultConfigurationIsVisible = 0;
			defaultConfigurationName = Release;
		};
		FC06F90D28C5457900671400 /* Build configuration list for PBXNativeTarget "3DroomTestUITests" */ = {
			isa = XCConfigurationList;
			buildConfigurations = (
				FC06F90E28C5457900671400 /* Debug */,
				FC06F90F28C5457900671400 /* Release */,
			);
			defaultConfigurationIsVisible = 0;
			defaultConfigurationName = Release;
		};
/* End XCConfigurationList section */
	};
	rootObject = FC06F8DB28C5457800671400 /* Project object */;
}
